// !$*UTF8*$!
{
	archiveVersion = 1;
	classes = {
	};
	objectVersion = 55;
	objects = {

/* Begin PBXBuildFile section */
		8912D8892771F114008848D8 /* SDWebImageSwiftUI in Frameworks */ = {isa = PBXBuildFile; productRef = 8912D8882771F114008848D8 /* SDWebImageSwiftUI */; };
		8912D88B2771F124008848D8 /* SDWebImageSwiftUI in Frameworks */ = {isa = PBXBuildFile; productRef = 8912D88A2771F124008848D8 /* SDWebImageSwiftUI */; };
		8912D88D2771F129008848D8 /* SDWebImageSwiftUI in Frameworks */ = {isa = PBXBuildFile; productRef = 8912D88C2771F129008848D8 /* SDWebImageSwiftUI */; };
		8912D88F2771F63D008848D8 /* Array + Extension.swift in Sources */ = {isa = PBXBuildFile; fileRef = 8912D88E2771F63D008848D8 /* Array + Extension.swift */; };
		8912D8902771F63D008848D8 /* Array + Extension.swift in Sources */ = {isa = PBXBuildFile; fileRef = 8912D88E2771F63D008848D8 /* Array + Extension.swift */; };
		8912D8912771F640008848D8 /* Array + Extension.swift in Sources */ = {isa = PBXBuildFile; fileRef = 8912D88E2771F63D008848D8 /* Array + Extension.swift */; };
		8912D8922771F641008848D8 /* Array + Extension.swift in Sources */ = {isa = PBXBuildFile; fileRef = 8912D88E2771F63D008848D8 /* Array + Extension.swift */; };
		89A31CA32764DA6A00A6A1EC /* MultiplatformApp.swift in Sources */ = {isa = PBXBuildFile; fileRef = 89A31C932764DA6400A6A1EC /* MultiplatformApp.swift */; };
		89A31CA42764DA6A00A6A1EC /* MultiplatformApp.swift in Sources */ = {isa = PBXBuildFile; fileRef = 89A31C932764DA6400A6A1EC /* MultiplatformApp.swift */; };
		89A31CA52764DA6A00A6A1EC /* ContentView.swift in Sources */ = {isa = PBXBuildFile; fileRef = 89A31C942764DA6400A6A1EC /* ContentView.swift */; };
		89A31CA62764DA6A00A6A1EC /* ContentView.swift in Sources */ = {isa = PBXBuildFile; fileRef = 89A31C942764DA6400A6A1EC /* ContentView.swift */; };
		89A31CA72764DA6A00A6A1EC /* Assets.xcassets in Resources */ = {isa = PBXBuildFile; fileRef = 89A31C952764DA6A00A6A1EC /* Assets.xcassets */; };
		89A31CA82764DA6A00A6A1EC /* Assets.xcassets in Resources */ = {isa = PBXBuildFile; fileRef = 89A31C952764DA6A00A6A1EC /* Assets.xcassets */; };
		89A31CB72764DAC200A6A1EC /* WatchApp WatchKit App.app in Embed Watch Content */ = {isa = PBXBuildFile; fileRef = 89A31CB62764DAC200A6A1EC /* WatchApp WatchKit App.app */; settings = {ATTRIBUTES = (RemoveHeadersOnCopy, ); }; };
		89A31CBC2764DAC500A6A1EC /* Assets.xcassets in Resources */ = {isa = PBXBuildFile; fileRef = 89A31CBB2764DAC500A6A1EC /* Assets.xcassets */; };
		89A31CC22764DAC500A6A1EC /* WatchApp WatchKit Extension.appex in Embed App Extensions */ = {isa = PBXBuildFile; fileRef = 89A31CC12764DAC500A6A1EC /* WatchApp WatchKit Extension.appex */; settings = {ATTRIBUTES = (RemoveHeadersOnCopy, ); }; };
		89A31CC72764DAC500A6A1EC /* MultiplatformAppApp.swift in Sources */ = {isa = PBXBuildFile; fileRef = 89A31CC62764DAC500A6A1EC /* MultiplatformAppApp.swift */; };
		89A31CCB2764DAC500A6A1EC /* NotificationController.swift in Sources */ = {isa = PBXBuildFile; fileRef = 89A31CCA2764DAC500A6A1EC /* NotificationController.swift */; };
		89A31CCD2764DAC500A6A1EC /* NotificationView.swift in Sources */ = {isa = PBXBuildFile; fileRef = 89A31CCC2764DAC500A6A1EC /* NotificationView.swift */; };
		89A31CCF2764DAC500A6A1EC /* ComplicationController.swift in Sources */ = {isa = PBXBuildFile; fileRef = 89A31CCE2764DAC500A6A1EC /* ComplicationController.swift */; };
		89A31CD12764DAC800A6A1EC /* Assets.xcassets in Resources */ = {isa = PBXBuildFile; fileRef = 89A31CD02764DAC800A6A1EC /* Assets.xcassets */; };
		89A31CD42764DAC800A6A1EC /* Preview Assets.xcassets in Resources */ = {isa = PBXBuildFile; fileRef = 89A31CD32764DAC800A6A1EC /* Preview Assets.xcassets */; };
		89A31CE9276737A600A6A1EC /* tvAPPApp.swift in Sources */ = {isa = PBXBuildFile; fileRef = 89A31CE8276737A600A6A1EC /* tvAPPApp.swift */; };
		89A31CED276737A700A6A1EC /* Assets.xcassets in Resources */ = {isa = PBXBuildFile; fileRef = 89A31CEC276737A700A6A1EC /* Assets.xcassets */; };
		89A31CF0276737A700A6A1EC /* Preview Assets.xcassets in Resources */ = {isa = PBXBuildFile; fileRef = 89A31CEF276737A700A6A1EC /* Preview Assets.xcassets */; };
		89A31CF42767385A00A6A1EC /* ContentView.swift in Sources */ = {isa = PBXBuildFile; fileRef = 89A31C942764DA6400A6A1EC /* ContentView.swift */; };
		89A31DC6276739A800A6A1EC /* Networking in Frameworks */ = {isa = PBXBuildFile; productRef = 89A31DC5276739A800A6A1EC /* Networking */; };
		89A31DC8276739C500A6A1EC /* Networking in Frameworks */ = {isa = PBXBuildFile; productRef = 89A31DC7276739C500A6A1EC /* Networking */; };
		89A31DCA276739F000A6A1EC /* Networking in Frameworks */ = {isa = PBXBuildFile; productRef = 89A31DC9276739F000A6A1EC /* Networking */; };
		89A31DCC276739F600A6A1EC /* Networking in Frameworks */ = {isa = PBXBuildFile; productRef = 89A31DCB276739F600A6A1EC /* Networking */; };
		89A31DDC276743FD00A6A1EC /* MovieTrandingScreen.swift in Sources */ = {isa = PBXBuildFile; fileRef = 89A31DD8276743FD00A6A1EC /* MovieTrandingScreen.swift */; };
		89A31DE0276743FD00A6A1EC /* MovieDetailScreen.swift in Sources */ = {isa = PBXBuildFile; fileRef = 89A31DD9276743FD00A6A1EC /* MovieDetailScreen.swift */; };
		89A31DE4276743FD00A6A1EC /* MovieViewModel.swift in Sources */ = {isa = PBXBuildFile; fileRef = 89A31DDA276743FD00A6A1EC /* MovieViewModel.swift */; };
		89A31DE8276743FD00A6A1EC /* MovieBackDropScreen.swift in Sources */ = {isa = PBXBuildFile; fileRef = 89A31DDB276743FD00A6A1EC /* MovieBackDropScreen.swift */; };
		89A31DEE276744D600A6A1EC /* AppUI in Frameworks */ = {isa = PBXBuildFile; productRef = 89A31DED276744D600A6A1EC /* AppUI */; };
		89A31DF0276744DD00A6A1EC /* AppUI in Frameworks */ = {isa = PBXBuildFile; productRef = 89A31DEF276744DD00A6A1EC /* AppUI */; };
		89A31DF2276744E200A6A1EC /* AppUI in Frameworks */ = {isa = PBXBuildFile; productRef = 89A31DF1276744E200A6A1EC /* AppUI */; };
		89A31DF4276744EB00A6A1EC /* AppUI in Frameworks */ = {isa = PBXBuildFile; productRef = 89A31DF3276744EB00A6A1EC /* AppUI */; };
		89A31DF82767452600A6A1EC /* SDWebImageSwiftUI in Frameworks */ = {isa = PBXBuildFile; productRef = 89A31DF72767452600A6A1EC /* SDWebImageSwiftUI */; };
		89E6BB93277215700044DF8B /* MovieTrandingScreen.swift in Sources */ = {isa = PBXBuildFile; fileRef = 89E6BB8F277215700044DF8B /* MovieTrandingScreen.swift */; };
		89E6BB94277215700044DF8B /* MovieDetailScreen.swift in Sources */ = {isa = PBXBuildFile; fileRef = 89E6BB90277215700044DF8B /* MovieDetailScreen.swift */; };
		89E6BB9C277215850044DF8B /* MovieTrandingScreen.swift in Sources */ = {isa = PBXBuildFile; fileRef = 89E6BB98277215850044DF8B /* MovieTrandingScreen.swift */; };
		89E6BB9D277215850044DF8B /* MovieDetailScreen.swift in Sources */ = {isa = PBXBuildFile; fileRef = 89E6BB99277215850044DF8B /* MovieDetailScreen.swift */; };
		89E6BB9E277215850044DF8B /* MovieBackDropScreen.swift in Sources */ = {isa = PBXBuildFile; fileRef = 89E6BB9A277215850044DF8B /* MovieBackDropScreen.swift */; };
		89E6BBA5277215940044DF8B /* MovieTrandingScreen.swift in Sources */ = {isa = PBXBuildFile; fileRef = 89E6BBA1277215940044DF8B /* MovieTrandingScreen.swift */; };
		89E6BBA6277215940044DF8B /* MovieDetailScreen.swift in Sources */ = {isa = PBXBuildFile; fileRef = 89E6BBA2277215940044DF8B /* MovieDetailScreen.swift */; };
		89E6BBA7277215940044DF8B /* MovieBackDropScreen.swift in Sources */ = {isa = PBXBuildFile; fileRef = 89E6BBA3277215940044DF8B /* MovieBackDropScreen.swift */; };
		89ED7DDA2773526600DD3444 /* MovieViewModel.swift in Sources */ = {isa = PBXBuildFile; fileRef = 89A31DDA276743FD00A6A1EC /* MovieViewModel.swift */; };
		89ED7DDB2773526700DD3444 /* MovieViewModel.swift in Sources */ = {isa = PBXBuildFile; fileRef = 89A31DDA276743FD00A6A1EC /* MovieViewModel.swift */; };
		89ED7DDC2773526F00DD3444 /* MovieViewModel.swift in Sources */ = {isa = PBXBuildFile; fileRef = 89A31DDA276743FD00A6A1EC /* MovieViewModel.swift */; };
/* End PBXBuildFile section */

/* Begin PBXContainerItemProxy section */
		89A31CB82764DAC200A6A1EC /* PBXContainerItemProxy */ = {
			isa = PBXContainerItemProxy;
			containerPortal = 89A31C8E2764DA6400A6A1EC /* Project object */;
			proxyType = 1;
			remoteGlobalIDString = 89A31CB52764DAC200A6A1EC;
			remoteInfo = "WatchApp WatchKit App";
		};
		89A31CC32764DAC500A6A1EC /* PBXContainerItemProxy */ = {
			isa = PBXContainerItemProxy;
			containerPortal = 89A31C8E2764DA6400A6A1EC /* Project object */;
			proxyType = 1;
			remoteGlobalIDString = 89A31CC02764DAC500A6A1EC;
			remoteInfo = "WatchApp WatchKit Extension";
		};
/* End PBXContainerItemProxy section */

/* Begin PBXCopyFilesBuildPhase section */
		89A31CDA2764DAC800A6A1EC /* Embed App Extensions */ = {
			isa = PBXCopyFilesBuildPhase;
			buildActionMask = 2147483647;
			dstPath = "";
			dstSubfolderSpec = 13;
			files = (
				89A31CC22764DAC500A6A1EC /* WatchApp WatchKit Extension.appex in Embed App Extensions */,
			);
			name = "Embed App Extensions";
			runOnlyForDeploymentPostprocessing = 0;
		};
		89A31CDE2764DAC800A6A1EC /* Embed Watch Content */ = {
			isa = PBXCopyFilesBuildPhase;
			buildActionMask = 2147483647;
			dstPath = "$(CONTENTS_FOLDER_PATH)/Watch";
			dstSubfolderSpec = 16;
			files = (
				89A31CB72764DAC200A6A1EC /* WatchApp WatchKit App.app in Embed Watch Content */,
			);
			name = "Embed Watch Content";
			runOnlyForDeploymentPostprocessing = 0;
		};
/* End PBXCopyFilesBuildPhase section */

/* Begin PBXFileReference section */
		8912D88E2771F63D008848D8 /* Array + Extension.swift */ = {isa = PBXFileReference; lastKnownFileType = sourcecode.swift; path = "Array + Extension.swift"; sourceTree = "<group>"; };
		89A31C932764DA6400A6A1EC /* MultiplatformApp.swift */ = {isa = PBXFileReference; lastKnownFileType = sourcecode.swift; path = MultiplatformApp.swift; sourceTree = "<group>"; };
		89A31C942764DA6400A6A1EC /* ContentView.swift */ = {isa = PBXFileReference; lastKnownFileType = sourcecode.swift; path = ContentView.swift; sourceTree = "<group>"; };
		89A31C952764DA6A00A6A1EC /* Assets.xcassets */ = {isa = PBXFileReference; lastKnownFileType = folder.assetcatalog; path = Assets.xcassets; sourceTree = "<group>"; };
		89A31C9A2764DA6A00A6A1EC /* MultiplatformApp.app */ = {isa = PBXFileReference; explicitFileType = wrapper.application; includeInIndex = 0; path = MultiplatformApp.app; sourceTree = BUILT_PRODUCTS_DIR; };
		89A31CA02764DA6A00A6A1EC /* MultiplatformApp.app */ = {isa = PBXFileReference; explicitFileType = wrapper.application; includeInIndex = 0; path = MultiplatformApp.app; sourceTree = BUILT_PRODUCTS_DIR; };
		89A31CA22764DA6A00A6A1EC /* macOS.entitlements */ = {isa = PBXFileReference; lastKnownFileType = text.plist.entitlements; path = macOS.entitlements; sourceTree = "<group>"; };
		89A31CB32764DAC100A6A1EC /* WatchApp.app */ = {isa = PBXFileReference; explicitFileType = wrapper.application; includeInIndex = 0; path = WatchApp.app; sourceTree = BUILT_PRODUCTS_DIR; };
		89A31CB62764DAC200A6A1EC /* WatchApp WatchKit App.app */ = {isa = PBXFileReference; explicitFileType = wrapper.application; includeInIndex = 0; path = "WatchApp WatchKit App.app"; sourceTree = BUILT_PRODUCTS_DIR; };
		89A31CBB2764DAC500A6A1EC /* Assets.xcassets */ = {isa = PBXFileReference; lastKnownFileType = folder.assetcatalog; path = Assets.xcassets; sourceTree = "<group>"; };
		89A31CC12764DAC500A6A1EC /* WatchApp WatchKit Extension.appex */ = {isa = PBXFileReference; explicitFileType = "wrapper.app-extension"; includeInIndex = 0; path = "WatchApp WatchKit Extension.appex"; sourceTree = BUILT_PRODUCTS_DIR; };
		89A31CC62764DAC500A6A1EC /* MultiplatformAppApp.swift */ = {isa = PBXFileReference; lastKnownFileType = sourcecode.swift; path = MultiplatformAppApp.swift; sourceTree = "<group>"; };
		89A31CCA2764DAC500A6A1EC /* NotificationController.swift */ = {isa = PBXFileReference; lastKnownFileType = sourcecode.swift; path = NotificationController.swift; sourceTree = "<group>"; };
		89A31CCC2764DAC500A6A1EC /* NotificationView.swift */ = {isa = PBXFileReference; lastKnownFileType = sourcecode.swift; path = NotificationView.swift; sourceTree = "<group>"; };
		89A31CCE2764DAC500A6A1EC /* ComplicationController.swift */ = {isa = PBXFileReference; lastKnownFileType = sourcecode.swift; path = ComplicationController.swift; sourceTree = "<group>"; };
		89A31CD02764DAC800A6A1EC /* Assets.xcassets */ = {isa = PBXFileReference; lastKnownFileType = folder.assetcatalog; path = Assets.xcassets; sourceTree = "<group>"; };
		89A31CD32764DAC800A6A1EC /* Preview Assets.xcassets */ = {isa = PBXFileReference; lastKnownFileType = folder.assetcatalog; path = "Preview Assets.xcassets"; sourceTree = "<group>"; };
		89A31CD52764DAC800A6A1EC /* Info.plist */ = {isa = PBXFileReference; lastKnownFileType = text.plist.xml; path = Info.plist; sourceTree = "<group>"; };
		89A31CD62764DAC800A6A1EC /* PushNotificationPayload.apns */ = {isa = PBXFileReference; lastKnownFileType = text; path = PushNotificationPayload.apns; sourceTree = "<group>"; };
		89A31CE6276737A600A6A1EC /* tvAPP.app */ = {isa = PBXFileReference; explicitFileType = wrapper.application; includeInIndex = 0; path = tvAPP.app; sourceTree = BUILT_PRODUCTS_DIR; };
		89A31CE8276737A600A6A1EC /* tvAPPApp.swift */ = {isa = PBXFileReference; lastKnownFileType = sourcecode.swift; path = tvAPPApp.swift; sourceTree = "<group>"; };
		89A31CEC276737A700A6A1EC /* Assets.xcassets */ = {isa = PBXFileReference; lastKnownFileType = folder.assetcatalog; path = Assets.xcassets; sourceTree = "<group>"; };
		89A31CEF276737A700A6A1EC /* Preview Assets.xcassets */ = {isa = PBXFileReference; lastKnownFileType = folder.assetcatalog; path = "Preview Assets.xcassets"; sourceTree = "<group>"; };
		89A31DC3276738FB00A6A1EC /* Networking */ = {isa = PBXFileReference; lastKnownFileType = folder; name = Networking; path = Modules/Networking; sourceTree = "<group>"; };
		89A31DD8276743FD00A6A1EC /* MovieTrandingScreen.swift */ = {isa = PBXFileReference; fileEncoding = 4; lastKnownFileType = sourcecode.swift; path = MovieTrandingScreen.swift; sourceTree = "<group>"; };
		89A31DD9276743FD00A6A1EC /* MovieDetailScreen.swift */ = {isa = PBXFileReference; fileEncoding = 4; lastKnownFileType = sourcecode.swift; path = MovieDetailScreen.swift; sourceTree = "<group>"; };
		89A31DDA276743FD00A6A1EC /* MovieViewModel.swift */ = {isa = PBXFileReference; fileEncoding = 4; lastKnownFileType = sourcecode.swift; path = MovieViewModel.swift; sourceTree = "<group>"; };
		89A31DDB276743FD00A6A1EC /* MovieBackDropScreen.swift */ = {isa = PBXFileReference; fileEncoding = 4; lastKnownFileType = sourcecode.swift; path = MovieBackDropScreen.swift; sourceTree = "<group>"; };
		89A31DEC276744D100A6A1EC /* AppUI */ = {isa = PBXFileReference; lastKnownFileType = folder; name = AppUI; path = Modules/AppUI; sourceTree = "<group>"; };
		89A31DF5276744F900A6A1EC /* Info.plist */ = {isa = PBXFileReference; lastKnownFileType = text.plist; path = Info.plist; sourceTree = "<group>"; };
		89E6BB8F277215700044DF8B /* MovieTrandingScreen.swift */ = {isa = PBXFileReference; fileEncoding = 4; lastKnownFileType = sourcecode.swift; path = MovieTrandingScreen.swift; sourceTree = "<group>"; };
		89E6BB90277215700044DF8B /* MovieDetailScreen.swift */ = {isa = PBXFileReference; fileEncoding = 4; lastKnownFileType = sourcecode.swift; path = MovieDetailScreen.swift; sourceTree = "<group>"; };
		89E6BB98277215850044DF8B /* MovieTrandingScreen.swift */ = {isa = PBXFileReference; fileEncoding = 4; lastKnownFileType = sourcecode.swift; path = MovieTrandingScreen.swift; sourceTree = "<group>"; };
		89E6BB99277215850044DF8B /* MovieDetailScreen.swift */ = {isa = PBXFileReference; fileEncoding = 4; lastKnownFileType = sourcecode.swift; path = MovieDetailScreen.swift; sourceTree = "<group>"; };
		89E6BB9A277215850044DF8B /* MovieBackDropScreen.swift */ = {isa = PBXFileReference; fileEncoding = 4; lastKnownFileType = sourcecode.swift; path = MovieBackDropScreen.swift; sourceTree = "<group>"; };
		89E6BBA1277215940044DF8B /* MovieTrandingScreen.swift */ = {isa = PBXFileReference; fileEncoding = 4; lastKnownFileType = sourcecode.swift; path = MovieTrandingScreen.swift; sourceTree = "<group>"; };
		89E6BBA2277215940044DF8B /* MovieDetailScreen.swift */ = {isa = PBXFileReference; fileEncoding = 4; lastKnownFileType = sourcecode.swift; path = MovieDetailScreen.swift; sourceTree = "<group>"; };
		89E6BBA3277215940044DF8B /* MovieBackDropScreen.swift */ = {isa = PBXFileReference; fileEncoding = 4; lastKnownFileType = sourcecode.swift; path = MovieBackDropScreen.swift; sourceTree = "<group>"; };
/* End PBXFileReference section */

/* Begin PBXFrameworksBuildPhase section */
		89A31C972764DA6A00A6A1EC /* Frameworks */ = {
			isa = PBXFrameworksBuildPhase;
			buildActionMask = 2147483647;
			files = (
				89A31DF82767452600A6A1EC /* SDWebImageSwiftUI in Frameworks */,
				89A31DF0276744DD00A6A1EC /* AppUI in Frameworks */,
				89A31DC6276739A800A6A1EC /* Networking in Frameworks */,
			);
			runOnlyForDeploymentPostprocessing = 0;
		};
		89A31C9D2764DA6A00A6A1EC /* Frameworks */ = {
			isa = PBXFrameworksBuildPhase;
			buildActionMask = 2147483647;
			files = (
				8912D8892771F114008848D8 /* SDWebImageSwiftUI in Frameworks */,
				89A31DF2276744E200A6A1EC /* AppUI in Frameworks */,
				89A31DC8276739C500A6A1EC /* Networking in Frameworks */,
			);
			runOnlyForDeploymentPostprocessing = 0;
		};
		89A31CBE2764DAC500A6A1EC /* Frameworks */ = {
			isa = PBXFrameworksBuildPhase;
			buildActionMask = 2147483647;
			files = (
				8912D88D2771F129008848D8 /* SDWebImageSwiftUI in Frameworks */,
				89A31DF4276744EB00A6A1EC /* AppUI in Frameworks */,
				89A31DCA276739F000A6A1EC /* Networking in Frameworks */,
			);
			runOnlyForDeploymentPostprocessing = 0;
		};
		89A31CE3276737A600A6A1EC /* Frameworks */ = {
			isa = PBXFrameworksBuildPhase;
			buildActionMask = 2147483647;
			files = (
				8912D88B2771F124008848D8 /* SDWebImageSwiftUI in Frameworks */,
				89A31DEE276744D600A6A1EC /* AppUI in Frameworks */,
				89A31DCC276739F600A6A1EC /* Networking in Frameworks */,
			);
			runOnlyForDeploymentPostprocessing = 0;
		};
/* End PBXFrameworksBuildPhase section */

/* Begin PBXGroup section */
		8912D8932771F65A008848D8 /* Extension */ = {
			isa = PBXGroup;
			children = (
			);
			path = Extension;
			sourceTree = "<group>";
		};
		89A31C8D2764DA6400A6A1EC = {
			isa = PBXGroup;
			children = (
				89A31DC2276738FB00A6A1EC /* Packages */,
				89A31C922764DA6400A6A1EC /* Shared */,
				89A31CA12764DA6A00A6A1EC /* macOS */,
				89A31CBA2764DAC200A6A1EC /* WatchApp WatchKit App */,
				89A31CC52764DAC500A6A1EC /* WatchApp WatchKit Extension */,
				89A31CE7276737A600A6A1EC /* tvAPP */,
				89A31C9B2764DA6A00A6A1EC /* Products */,
				89A31DC4276739A800A6A1EC /* Frameworks */,
			);
			sourceTree = "<group>";
		};
		89A31C922764DA6400A6A1EC /* Shared */ = {
			isa = PBXGroup;
			children = (
				89A31C932764DA6400A6A1EC /* MultiplatformApp.swift */,
				89A31DCD27673A3300A6A1EC /* Movie */,
				89A31C942764DA6400A6A1EC /* ContentView.swift */,
				8912D88E2771F63D008848D8 /* Array + Extension.swift */,
				8912D8932771F65A008848D8 /* Extension */,
				89A31C952764DA6A00A6A1EC /* Assets.xcassets */,
			);
			path = Shared;
			sourceTree = "<group>";
		};
		89A31C9B2764DA6A00A6A1EC /* Products */ = {
			isa = PBXGroup;
			children = (
				89A31C9A2764DA6A00A6A1EC /* MultiplatformApp.app */,
				89A31CA02764DA6A00A6A1EC /* MultiplatformApp.app */,
				89A31CB32764DAC100A6A1EC /* WatchApp.app */,
				89A31CB62764DAC200A6A1EC /* WatchApp WatchKit App.app */,
				89A31CC12764DAC500A6A1EC /* WatchApp WatchKit Extension.appex */,
				89A31CE6276737A600A6A1EC /* tvAPP.app */,
			);
			name = Products;
			sourceTree = "<group>";
		};
		89A31CA12764DA6A00A6A1EC /* macOS */ = {
			isa = PBXGroup;
			children = (
				89E6BB8E277215700044DF8B /* Movie */,
				89A31CA22764DA6A00A6A1EC /* macOS.entitlements */,
			);
			path = macOS;
			sourceTree = "<group>";
		};
		89A31CBA2764DAC200A6A1EC /* WatchApp WatchKit App */ = {
			isa = PBXGroup;
			children = (
				89A31CBB2764DAC500A6A1EC /* Assets.xcassets */,
			);
			path = "WatchApp WatchKit App";
			sourceTree = "<group>";
		};
		89A31CC52764DAC500A6A1EC /* WatchApp WatchKit Extension */ = {
			isa = PBXGroup;
			children = (
				89E6BBA0277215940044DF8B /* Movie */,
				89A31CC62764DAC500A6A1EC /* MultiplatformAppApp.swift */,
				89A31CCA2764DAC500A6A1EC /* NotificationController.swift */,
				89A31CCC2764DAC500A6A1EC /* NotificationView.swift */,
				89A31CCE2764DAC500A6A1EC /* ComplicationController.swift */,
				89A31CD02764DAC800A6A1EC /* Assets.xcassets */,
				89A31CD52764DAC800A6A1EC /* Info.plist */,
				89A31CD62764DAC800A6A1EC /* PushNotificationPayload.apns */,
				89A31CD22764DAC800A6A1EC /* Preview Content */,
			);
			path = "WatchApp WatchKit Extension";
			sourceTree = "<group>";
		};
		89A31CD22764DAC800A6A1EC /* Preview Content */ = {
			isa = PBXGroup;
			children = (
				89A31CD32764DAC800A6A1EC /* Preview Assets.xcassets */,
			);
			path = "Preview Content";
			sourceTree = "<group>";
		};
		89A31CE7276737A600A6A1EC /* tvAPP */ = {
			isa = PBXGroup;
			children = (
				89E6BB97277215850044DF8B /* Movie */,
				89A31DF5276744F900A6A1EC /* Info.plist */,
				89A31CE8276737A600A6A1EC /* tvAPPApp.swift */,
				89A31CEC276737A700A6A1EC /* Assets.xcassets */,
				89A31CEE276737A700A6A1EC /* Preview Content */,
			);
			path = tvAPP;
			sourceTree = "<group>";
		};
		89A31CEE276737A700A6A1EC /* Preview Content */ = {
			isa = PBXGroup;
			children = (
				89A31CEF276737A700A6A1EC /* Preview Assets.xcassets */,
			);
			path = "Preview Content";
			sourceTree = "<group>";
		};
		89A31DC2276738FB00A6A1EC /* Packages */ = {
			isa = PBXGroup;
			children = (
				89A31DC3276738FB00A6A1EC /* Networking */,
				89A31DEC276744D100A6A1EC /* AppUI */,
			);
			name = Packages;
			sourceTree = "<group>";
		};
		89A31DC4276739A800A6A1EC /* Frameworks */ = {
			isa = PBXGroup;
			children = (
			);
			name = Frameworks;
			sourceTree = "<group>";
		};
		89A31DCD27673A3300A6A1EC /* Movie */ = {
			isa = PBXGroup;
			children = (
				89A31DDB276743FD00A6A1EC /* MovieBackDropScreen.swift */,
				89A31DD9276743FD00A6A1EC /* MovieDetailScreen.swift */,
				89A31DD8276743FD00A6A1EC /* MovieTrandingScreen.swift */,
				89A31DDA276743FD00A6A1EC /* MovieViewModel.swift */,
			);
			path = Movie;
			sourceTree = "<group>";
		};
		89E6BB8E277215700044DF8B /* Movie */ = {
			isa = PBXGroup;
			children = (
				89E6BB8F277215700044DF8B /* MovieTrandingScreen.swift */,
				89E6BB90277215700044DF8B /* MovieDetailScreen.swift */,
			);
			path = Movie;
			sourceTree = "<group>";
		};
		89E6BB97277215850044DF8B /* Movie */ = {
			isa = PBXGroup;
			children = (
				89E6BB98277215850044DF8B /* MovieTrandingScreen.swift */,
				89E6BB99277215850044DF8B /* MovieDetailScreen.swift */,
				89E6BB9A277215850044DF8B /* MovieBackDropScreen.swift */,
			);
			path = Movie;
			sourceTree = "<group>";
		};
		89E6BBA0277215940044DF8B /* Movie */ = {
			isa = PBXGroup;
			children = (
				89E6BBA1277215940044DF8B /* MovieTrandingScreen.swift */,
				89E6BBA2277215940044DF8B /* MovieDetailScreen.swift */,
				89E6BBA3277215940044DF8B /* MovieBackDropScreen.swift */,
			);
			path = Movie;
			sourceTree = "<group>";
		};
/* End PBXGroup section */

/* Begin PBXNativeTarget section */
		89A31C992764DA6A00A6A1EC /* MultiplatformApp (iOS) */ = {
			isa = PBXNativeTarget;
			buildConfigurationList = 89A31CAB2764DA6A00A6A1EC /* Build configuration list for PBXNativeTarget "MultiplatformApp (iOS)" */;
			buildPhases = (
				89A31C962764DA6A00A6A1EC /* Sources */,
				89A31C972764DA6A00A6A1EC /* Frameworks */,
				89A31C982764DA6A00A6A1EC /* Resources */,
			);
			buildRules = (
			);
			dependencies = (
			);
			name = "MultiplatformApp (iOS)";
			packageProductDependencies = (
				89A31DC5276739A800A6A1EC /* Networking */,
				89A31DEF276744DD00A6A1EC /* AppUI */,
				89A31DF72767452600A6A1EC /* SDWebImageSwiftUI */,
			);
			productName = "MultiplatformApp (iOS)";
			productReference = 89A31C9A2764DA6A00A6A1EC /* MultiplatformApp.app */;
			productType = "com.apple.product-type.application";
		};
		89A31C9F2764DA6A00A6A1EC /* MultiplatformApp (macOS) */ = {
			isa = PBXNativeTarget;
			buildConfigurationList = 89A31CAE2764DA6A00A6A1EC /* Build configuration list for PBXNativeTarget "MultiplatformApp (macOS)" */;
			buildPhases = (
				89A31C9C2764DA6A00A6A1EC /* Sources */,
				89A31C9D2764DA6A00A6A1EC /* Frameworks */,
				89A31C9E2764DA6A00A6A1EC /* Resources */,
			);
			buildRules = (
			);
			dependencies = (
			);
			name = "MultiplatformApp (macOS)";
			packageProductDependencies = (
				89A31DC7276739C500A6A1EC /* Networking */,
				89A31DF1276744E200A6A1EC /* AppUI */,
				8912D8882771F114008848D8 /* SDWebImageSwiftUI */,
			);
			productName = "MultiplatformApp (macOS)";
			productReference = 89A31CA02764DA6A00A6A1EC /* MultiplatformApp.app */;
			productType = "com.apple.product-type.application";
		};
		89A31CB22764DAC100A6A1EC /* WatchApp */ = {
			isa = PBXNativeTarget;
			buildConfigurationList = 89A31CDF2764DAC800A6A1EC /* Build configuration list for PBXNativeTarget "WatchApp" */;
			buildPhases = (
				89A31CB12764DAC100A6A1EC /* Resources */,
				89A31CDE2764DAC800A6A1EC /* Embed Watch Content */,
			);
			buildRules = (
			);
			dependencies = (
				89A31CB92764DAC200A6A1EC /* PBXTargetDependency */,
			);
			name = WatchApp;
			productName = WatchApp;
			productReference = 89A31CB32764DAC100A6A1EC /* WatchApp.app */;
			productType = "com.apple.product-type.application.watchapp2-container";
		};
		89A31CB52764DAC200A6A1EC /* WatchApp WatchKit App */ = {
			isa = PBXNativeTarget;
			buildConfigurationList = 89A31CDB2764DAC800A6A1EC /* Build configuration list for PBXNativeTarget "WatchApp WatchKit App" */;
			buildPhases = (
				89A31CB42764DAC200A6A1EC /* Resources */,
				89A31CDA2764DAC800A6A1EC /* Embed App Extensions */,
			);
			buildRules = (
			);
			dependencies = (
				89A31CC42764DAC500A6A1EC /* PBXTargetDependency */,
			);
			name = "WatchApp WatchKit App";
			productName = "WatchApp WatchKit App";
			productReference = 89A31CB62764DAC200A6A1EC /* WatchApp WatchKit App.app */;
			productType = "com.apple.product-type.application.watchapp2";
		};
		89A31CC02764DAC500A6A1EC /* WatchApp WatchKit Extension */ = {
			isa = PBXNativeTarget;
			buildConfigurationList = 89A31CD72764DAC800A6A1EC /* Build configuration list for PBXNativeTarget "WatchApp WatchKit Extension" */;
			buildPhases = (
				89A31CBD2764DAC500A6A1EC /* Sources */,
				89A31CBE2764DAC500A6A1EC /* Frameworks */,
				89A31CBF2764DAC500A6A1EC /* Resources */,
			);
			buildRules = (
			);
			dependencies = (
			);
			name = "WatchApp WatchKit Extension";
			packageProductDependencies = (
				89A31DC9276739F000A6A1EC /* Networking */,
				89A31DF3276744EB00A6A1EC /* AppUI */,
				8912D88C2771F129008848D8 /* SDWebImageSwiftUI */,
			);
			productName = "WatchApp WatchKit Extension";
			productReference = 89A31CC12764DAC500A6A1EC /* WatchApp WatchKit Extension.appex */;
			productType = "com.apple.product-type.watchkit2-extension";
		};
		89A31CE5276737A600A6A1EC /* tvAPP */ = {
			isa = PBXNativeTarget;
			buildConfigurationList = 89A31CF3276737A700A6A1EC /* Build configuration list for PBXNativeTarget "tvAPP" */;
			buildPhases = (
				89A31CE2276737A600A6A1EC /* Sources */,
				89A31CE3276737A600A6A1EC /* Frameworks */,
				89A31CE4276737A600A6A1EC /* Resources */,
			);
			buildRules = (
			);
			dependencies = (
			);
			name = tvAPP;
			packageProductDependencies = (
				89A31DCB276739F600A6A1EC /* Networking */,
				89A31DED276744D600A6A1EC /* AppUI */,
				8912D88A2771F124008848D8 /* SDWebImageSwiftUI */,
			);
			productName = tvAPP;
			productReference = 89A31CE6276737A600A6A1EC /* tvAPP.app */;
			productType = "com.apple.product-type.application";
		};
/* End PBXNativeTarget section */

/* Begin PBXProject section */
		89A31C8E2764DA6400A6A1EC /* Project object */ = {
			isa = PBXProject;
			attributes = {
				BuildIndependentTargetsInParallel = 1;
				LastSwiftUpdateCheck = 1300;
				LastUpgradeCheck = 1300;
				TargetAttributes = {
					89A31C992764DA6A00A6A1EC = {
						CreatedOnToolsVersion = 13.0;
					};
					89A31C9F2764DA6A00A6A1EC = {
						CreatedOnToolsVersion = 13.0;
					};
					89A31CB22764DAC100A6A1EC = {
						CreatedOnToolsVersion = 13.0;
					};
					89A31CB52764DAC200A6A1EC = {
						CreatedOnToolsVersion = 13.0;
					};
					89A31CC02764DAC500A6A1EC = {
						CreatedOnToolsVersion = 13.0;
					};
					89A31CE5276737A600A6A1EC = {
						CreatedOnToolsVersion = 13.0;
					};
				};
			};
			buildConfigurationList = 89A31C912764DA6400A6A1EC /* Build configuration list for PBXProject "MultiplatformApp" */;
			compatibilityVersion = "Xcode 13.0";
			developmentRegion = en;
			hasScannedForEncodings = 0;
			knownRegions = (
				en,
				Base,
			);
			mainGroup = 89A31C8D2764DA6400A6A1EC;
			packageReferences = (
				89A31DF62767452600A6A1EC /* XCRemoteSwiftPackageReference "SDWebImageSwiftUI" */,
			);
			productRefGroup = 89A31C9B2764DA6A00A6A1EC /* Products */;
			projectDirPath = "";
			projectRoot = "";
			targets = (
				89A31C992764DA6A00A6A1EC /* MultiplatformApp (iOS) */,
				89A31C9F2764DA6A00A6A1EC /* MultiplatformApp (macOS) */,
				89A31CB22764DAC100A6A1EC /* WatchApp */,
				89A31CB52764DAC200A6A1EC /* WatchApp WatchKit App */,
				89A31CC02764DAC500A6A1EC /* WatchApp WatchKit Extension */,
				89A31CE5276737A600A6A1EC /* tvAPP */,
			);
		};
/* End PBXProject section */

/* Begin PBXResourcesBuildPhase section */
		89A31C982764DA6A00A6A1EC /* Resources */ = {
			isa = PBXResourcesBuildPhase;
			buildActionMask = 2147483647;
			files = (
				89A31CA72764DA6A00A6A1EC /* Assets.xcassets in Resources */,
			);
			runOnlyForDeploymentPostprocessing = 0;
		};
		89A31C9E2764DA6A00A6A1EC /* Resources */ = {
			isa = PBXResourcesBuildPhase;
			buildActionMask = 2147483647;
			files = (
				89A31CA82764DA6A00A6A1EC /* Assets.xcassets in Resources */,
			);
			runOnlyForDeploymentPostprocessing = 0;
		};
		89A31CB12764DAC100A6A1EC /* Resources */ = {
			isa = PBXResourcesBuildPhase;
			buildActionMask = 2147483647;
			files = (
			);
			runOnlyForDeploymentPostprocessing = 0;
		};
		89A31CB42764DAC200A6A1EC /* Resources */ = {
			isa = PBXResourcesBuildPhase;
			buildActionMask = 2147483647;
			files = (
				89A31CBC2764DAC500A6A1EC /* Assets.xcassets in Resources */,
			);
			runOnlyForDeploymentPostprocessing = 0;
		};
		89A31CBF2764DAC500A6A1EC /* Resources */ = {
			isa = PBXResourcesBuildPhase;
			buildActionMask = 2147483647;
			files = (
				89A31CD42764DAC800A6A1EC /* Preview Assets.xcassets in Resources */,
				89A31CD12764DAC800A6A1EC /* Assets.xcassets in Resources */,
			);
			runOnlyForDeploymentPostprocessing = 0;
		};
		89A31CE4276737A600A6A1EC /* Resources */ = {
			isa = PBXResourcesBuildPhase;
			buildActionMask = 2147483647;
			files = (
				89A31CF0276737A700A6A1EC /* Preview Assets.xcassets in Resources */,
				89A31CED276737A700A6A1EC /* Assets.xcassets in Resources */,
			);
			runOnlyForDeploymentPostprocessing = 0;
		};
/* End PBXResourcesBuildPhase section */

/* Begin PBXSourcesBuildPhase section */
		89A31C962764DA6A00A6A1EC /* Sources */ = {
			isa = PBXSourcesBuildPhase;
			buildActionMask = 2147483647;
			files = (
				89A31CA52764DA6A00A6A1EC /* ContentView.swift in Sources */,
				89A31DE4276743FD00A6A1EC /* MovieViewModel.swift in Sources */,
				8912D88F2771F63D008848D8 /* Array + Extension.swift in Sources */,
				89A31DE0276743FD00A6A1EC /* MovieDetailScreen.swift in Sources */,
				89A31DDC276743FD00A6A1EC /* MovieTrandingScreen.swift in Sources */,
				89A31DE8276743FD00A6A1EC /* MovieBackDropScreen.swift in Sources */,
				89A31CA32764DA6A00A6A1EC /* MultiplatformApp.swift in Sources */,
			);
			runOnlyForDeploymentPostprocessing = 0;
		};
		89A31C9C2764DA6A00A6A1EC /* Sources */ = {
			isa = PBXSourcesBuildPhase;
			buildActionMask = 2147483647;
			files = (
				89A31CA62764DA6A00A6A1EC /* ContentView.swift in Sources */,
				89E6BB93277215700044DF8B /* MovieTrandingScreen.swift in Sources */,
				8912D8902771F63D008848D8 /* Array + Extension.swift in Sources */,
				89E6BB94277215700044DF8B /* MovieDetailScreen.swift in Sources */,
				89ED7DDB2773526700DD3444 /* MovieViewModel.swift in Sources */,
				89A31CA42764DA6A00A6A1EC /* MultiplatformApp.swift in Sources */,
			);
			runOnlyForDeploymentPostprocessing = 0;
		};
		89A31CBD2764DAC500A6A1EC /* Sources */ = {
			isa = PBXSourcesBuildPhase;
			buildActionMask = 2147483647;
			files = (
				89A31CCB2764DAC500A6A1EC /* NotificationController.swift in Sources */,
				89ED7DDC2773526F00DD3444 /* MovieViewModel.swift in Sources */,
				89E6BBA5277215940044DF8B /* MovieTrandingScreen.swift in Sources */,
				89A31CCF2764DAC500A6A1EC /* ComplicationController.swift in Sources */,
				89E6BBA7277215940044DF8B /* MovieBackDropScreen.swift in Sources */,
				89E6BBA6277215940044DF8B /* MovieDetailScreen.swift in Sources */,
				89A31CC72764DAC500A6A1EC /* MultiplatformAppApp.swift in Sources */,
				8912D8922771F641008848D8 /* Array + Extension.swift in Sources */,
				89A31CCD2764DAC500A6A1EC /* NotificationView.swift in Sources */,
			);
			runOnlyForDeploymentPostprocessing = 0;
		};
		89A31CE2276737A600A6A1EC /* Sources */ = {
			isa = PBXSourcesBuildPhase;
			buildActionMask = 2147483647;
			files = (
				89A31CE9276737A600A6A1EC /* tvAPPApp.swift in Sources */,
				89E6BB9E277215850044DF8B /* MovieBackDropScreen.swift in Sources */,
				89E6BB9C277215850044DF8B /* MovieTrandingScreen.swift in Sources */,
				8912D8912771F640008848D8 /* Array + Extension.swift in Sources */,
				89E6BB9D277215850044DF8B /* MovieDetailScreen.swift in Sources */,
				89ED7DDA2773526600DD3444 /* MovieViewModel.swift in Sources */,
				89A31CF42767385A00A6A1EC /* ContentView.swift in Sources */,
			);
			runOnlyForDeploymentPostprocessing = 0;
		};
/* End PBXSourcesBuildPhase section */

/* Begin PBXTargetDependency section */
		89A31CB92764DAC200A6A1EC /* PBXTargetDependency */ = {
			isa = PBXTargetDependency;
			target = 89A31CB52764DAC200A6A1EC /* WatchApp WatchKit App */;
			targetProxy = 89A31CB82764DAC200A6A1EC /* PBXContainerItemProxy */;
		};
		89A31CC42764DAC500A6A1EC /* PBXTargetDependency */ = {
			isa = PBXTargetDependency;
			target = 89A31CC02764DAC500A6A1EC /* WatchApp WatchKit Extension */;
			targetProxy = 89A31CC32764DAC500A6A1EC /* PBXContainerItemProxy */;
		};
/* End PBXTargetDependency section */

/* Begin XCBuildConfiguration section */
		89A31CA92764DA6A00A6A1EC /* Debug */ = {
			isa = XCBuildConfiguration;
			buildSettings = {
				ALWAYS_SEARCH_USER_PATHS = NO;
				CLANG_ANALYZER_NONNULL = YES;
				CLANG_ANALYZER_NUMBER_OBJECT_CONVERSION = YES_AGGRESSIVE;
				CLANG_CXX_LANGUAGE_STANDARD = "gnu++17";
				CLANG_CXX_LIBRARY = "libc++";
				CLANG_ENABLE_MODULES = YES;
				CLANG_ENABLE_OBJC_ARC = YES;
				CLANG_ENABLE_OBJC_WEAK = YES;
				CLANG_WARN_BLOCK_CAPTURE_AUTORELEASING = YES;
				CLANG_WARN_BOOL_CONVERSION = YES;
				CLANG_WARN_COMMA = YES;
				CLANG_WARN_CONSTANT_CONVERSION = YES;
				CLANG_WARN_DEPRECATED_OBJC_IMPLEMENTATIONS = YES;
				CLANG_WARN_DIRECT_OBJC_ISA_USAGE = YES_ERROR;
				CLANG_WARN_DOCUMENTATION_COMMENTS = YES;
				CLANG_WARN_EMPTY_BODY = YES;
				CLANG_WARN_ENUM_CONVERSION = YES;
				CLANG_WARN_INFINITE_RECURSION = YES;
				CLANG_WARN_INT_CONVERSION = YES;
				CLANG_WARN_NON_LITERAL_NULL_CONVERSION = YES;
				CLANG_WARN_OBJC_IMPLICIT_RETAIN_SELF = YES;
				CLANG_WARN_OBJC_LITERAL_CONVERSION = YES;
				CLANG_WARN_OBJC_ROOT_CLASS = YES_ERROR;
				CLANG_WARN_QUOTED_INCLUDE_IN_FRAMEWORK_HEADER = YES;
				CLANG_WARN_RANGE_LOOP_ANALYSIS = YES;
				CLANG_WARN_STRICT_PROTOTYPES = YES;
				CLANG_WARN_SUSPICIOUS_MOVE = YES;
				CLANG_WARN_UNGUARDED_AVAILABILITY = YES_AGGRESSIVE;
				CLANG_WARN_UNREACHABLE_CODE = YES;
				CLANG_WARN__DUPLICATE_METHOD_MATCH = YES;
				COPY_PHASE_STRIP = NO;
				DEBUG_INFORMATION_FORMAT = dwarf;
				ENABLE_STRICT_OBJC_MSGSEND = YES;
				ENABLE_TESTABILITY = YES;
				GCC_C_LANGUAGE_STANDARD = gnu11;
				GCC_DYNAMIC_NO_PIC = NO;
				GCC_NO_COMMON_BLOCKS = YES;
				GCC_OPTIMIZATION_LEVEL = 0;
				GCC_PREPROCESSOR_DEFINITIONS = (
					"DEBUG=1",
					"$(inherited)",
				);
				GCC_WARN_64_TO_32_BIT_CONVERSION = YES;
				GCC_WARN_ABOUT_RETURN_TYPE = YES_ERROR;
				GCC_WARN_UNDECLARED_SELECTOR = YES;
				GCC_WARN_UNINITIALIZED_AUTOS = YES_AGGRESSIVE;
				GCC_WARN_UNUSED_FUNCTION = YES;
				GCC_WARN_UNUSED_VARIABLE = YES;
				MTL_ENABLE_DEBUG_INFO = INCLUDE_SOURCE;
				MTL_FAST_MATH = YES;
				ONLY_ACTIVE_ARCH = YES;
				SWIFT_ACTIVE_COMPILATION_CONDITIONS = DEBUG;
				SWIFT_OPTIMIZATION_LEVEL = "-Onone";
			};
			name = Debug;
		};
		89A31CAA2764DA6A00A6A1EC /* Release */ = {
			isa = XCBuildConfiguration;
			buildSettings = {
				ALWAYS_SEARCH_USER_PATHS = NO;
				CLANG_ANALYZER_NONNULL = YES;
				CLANG_ANALYZER_NUMBER_OBJECT_CONVERSION = YES_AGGRESSIVE;
				CLANG_CXX_LANGUAGE_STANDARD = "gnu++17";
				CLANG_CXX_LIBRARY = "libc++";
				CLANG_ENABLE_MODULES = YES;
				CLANG_ENABLE_OBJC_ARC = YES;
				CLANG_ENABLE_OBJC_WEAK = YES;
				CLANG_WARN_BLOCK_CAPTURE_AUTORELEASING = YES;
				CLANG_WARN_BOOL_CONVERSION = YES;
				CLANG_WARN_COMMA = YES;
				CLANG_WARN_CONSTANT_CONVERSION = YES;
				CLANG_WARN_DEPRECATED_OBJC_IMPLEMENTATIONS = YES;
				CLANG_WARN_DIRECT_OBJC_ISA_USAGE = YES_ERROR;
				CLANG_WARN_DOCUMENTATION_COMMENTS = YES;
				CLANG_WARN_EMPTY_BODY = YES;
				CLANG_WARN_ENUM_CONVERSION = YES;
				CLANG_WARN_INFINITE_RECURSION = YES;
				CLANG_WARN_INT_CONVERSION = YES;
				CLANG_WARN_NON_LITERAL_NULL_CONVERSION = YES;
				CLANG_WARN_OBJC_IMPLICIT_RETAIN_SELF = YES;
				CLANG_WARN_OBJC_LITERAL_CONVERSION = YES;
				CLANG_WARN_OBJC_ROOT_CLASS = YES_ERROR;
				CLANG_WARN_QUOTED_INCLUDE_IN_FRAMEWORK_HEADER = YES;
				CLANG_WARN_RANGE_LOOP_ANALYSIS = YES;
				CLANG_WARN_STRICT_PROTOTYPES = YES;
				CLANG_WARN_SUSPICIOUS_MOVE = YES;
				CLANG_WARN_UNGUARDED_AVAILABILITY = YES_AGGRESSIVE;
				CLANG_WARN_UNREACHABLE_CODE = YES;
				CLANG_WARN__DUPLICATE_METHOD_MATCH = YES;
				COPY_PHASE_STRIP = NO;
				DEBUG_INFORMATION_FORMAT = "dwarf-with-dsym";
				ENABLE_NS_ASSERTIONS = NO;
				ENABLE_STRICT_OBJC_MSGSEND = YES;
				GCC_C_LANGUAGE_STANDARD = gnu11;
				GCC_NO_COMMON_BLOCKS = YES;
				GCC_WARN_64_TO_32_BIT_CONVERSION = YES;
				GCC_WARN_ABOUT_RETURN_TYPE = YES_ERROR;
				GCC_WARN_UNDECLARED_SELECTOR = YES;
				GCC_WARN_UNINITIALIZED_AUTOS = YES_AGGRESSIVE;
				GCC_WARN_UNUSED_FUNCTION = YES;
				GCC_WARN_UNUSED_VARIABLE = YES;
				MTL_ENABLE_DEBUG_INFO = NO;
				MTL_FAST_MATH = YES;
				SWIFT_COMPILATION_MODE = wholemodule;
				SWIFT_OPTIMIZATION_LEVEL = "-O";
			};
			name = Release;
		};
		89A31CAC2764DA6A00A6A1EC /* Debug */ = {
			isa = XCBuildConfiguration;
			buildSettings = {
				ASSETCATALOG_COMPILER_APPICON_NAME = AppIcon;
				ASSETCATALOG_COMPILER_GLOBAL_ACCENT_COLOR_NAME = AccentColor;
				CODE_SIGN_STYLE = Automatic;
				CURRENT_PROJECT_VERSION = 1;
				DEVELOPMENT_TEAM = LSFZYL9UCZ;
				ENABLE_PREVIEWS = YES;
				GENERATE_INFOPLIST_FILE = YES;
				INFOPLIST_KEY_UIApplicationSceneManifest_Generation = YES;
				INFOPLIST_KEY_UIApplicationSupportsIndirectInputEvents = YES;
				INFOPLIST_KEY_UILaunchScreen_Generation = YES;
				INFOPLIST_KEY_UISupportedInterfaceOrientations_iPad = "UIInterfaceOrientationPortrait UIInterfaceOrientationPortraitUpsideDown UIInterfaceOrientationLandscapeLeft UIInterfaceOrientationLandscapeRight";
				INFOPLIST_KEY_UISupportedInterfaceOrientations_iPhone = "UIInterfaceOrientationPortrait UIInterfaceOrientationLandscapeLeft UIInterfaceOrientationLandscapeRight";
				IPHONEOS_DEPLOYMENT_TARGET = 14.0;
				LD_RUNPATH_SEARCH_PATHS = (
					"$(inherited)",
					"@executable_path/Frameworks",
				);
				MARKETING_VERSION = 1.0;
				PRODUCT_BUNDLE_IDENTIFIER = trying.MultiplatformApp;
				PRODUCT_NAME = MultiplatformApp;
				SDKROOT = iphoneos;
				SWIFT_EMIT_LOC_STRINGS = YES;
				SWIFT_VERSION = 5.0;
				TARGETED_DEVICE_FAMILY = "1,2";
			};
			name = Debug;
		};
		89A31CAD2764DA6A00A6A1EC /* Release */ = {
			isa = XCBuildConfiguration;
			buildSettings = {
				ASSETCATALOG_COMPILER_APPICON_NAME = AppIcon;
				ASSETCATALOG_COMPILER_GLOBAL_ACCENT_COLOR_NAME = AccentColor;
				CODE_SIGN_STYLE = Automatic;
				CURRENT_PROJECT_VERSION = 1;
				DEVELOPMENT_TEAM = LSFZYL9UCZ;
				ENABLE_PREVIEWS = YES;
				GENERATE_INFOPLIST_FILE = YES;
				INFOPLIST_KEY_UIApplicationSceneManifest_Generation = YES;
				INFOPLIST_KEY_UIApplicationSupportsIndirectInputEvents = YES;
				INFOPLIST_KEY_UILaunchScreen_Generation = YES;
				INFOPLIST_KEY_UISupportedInterfaceOrientations_iPad = "UIInterfaceOrientationPortrait UIInterfaceOrientationPortraitUpsideDown UIInterfaceOrientationLandscapeLeft UIInterfaceOrientationLandscapeRight";
				INFOPLIST_KEY_UISupportedInterfaceOrientations_iPhone = "UIInterfaceOrientationPortrait UIInterfaceOrientationLandscapeLeft UIInterfaceOrientationLandscapeRight";
				IPHONEOS_DEPLOYMENT_TARGET = 14.0;
				LD_RUNPATH_SEARCH_PATHS = (
					"$(inherited)",
					"@executable_path/Frameworks",
				);
				MARKETING_VERSION = 1.0;
				PRODUCT_BUNDLE_IDENTIFIER = trying.MultiplatformApp;
				PRODUCT_NAME = MultiplatformApp;
				SDKROOT = iphoneos;
				SWIFT_EMIT_LOC_STRINGS = YES;
				SWIFT_VERSION = 5.0;
				TARGETED_DEVICE_FAMILY = "1,2";
				VALIDATE_PRODUCT = YES;
			};
			name = Release;
		};
		89A31CAF2764DA6A00A6A1EC /* Debug */ = {
			isa = XCBuildConfiguration;
			buildSettings = {
				ASSETCATALOG_COMPILER_APPICON_NAME = AppIcon;
				ASSETCATALOG_COMPILER_GLOBAL_ACCENT_COLOR_NAME = AccentColor;
				CODE_SIGN_ENTITLEMENTS = macOS/macOS.entitlements;
				CODE_SIGN_STYLE = Automatic;
				COMBINE_HIDPI_IMAGES = YES;
				CURRENT_PROJECT_VERSION = 1;
				DEVELOPMENT_TEAM = LSFZYL9UCZ;
				ENABLE_HARDENED_RUNTIME = YES;
				ENABLE_PREVIEWS = YES;
				GENERATE_INFOPLIST_FILE = YES;
				INFOPLIST_KEY_NSHumanReadableCopyright = "";
				LD_RUNPATH_SEARCH_PATHS = (
					"$(inherited)",
					"@executable_path/../Frameworks",
				);
				MACOSX_DEPLOYMENT_TARGET = 11.0;
				MARKETING_VERSION = 1.0;
				PRODUCT_BUNDLE_IDENTIFIER = trying.MultiplatformApp;
				PRODUCT_NAME = MultiplatformApp;
				SDKROOT = macosx;
				SWIFT_EMIT_LOC_STRINGS = YES;
				SWIFT_VERSION = 5.0;
			};
			name = Debug;
		};
		89A31CB02764DA6A00A6A1EC /* Release */ = {
			isa = XCBuildConfiguration;
			buildSettings = {
				ASSETCATALOG_COMPILER_APPICON_NAME = AppIcon;
				ASSETCATALOG_COMPILER_GLOBAL_ACCENT_COLOR_NAME = AccentColor;
				CODE_SIGN_ENTITLEMENTS = macOS/macOS.entitlements;
				CODE_SIGN_STYLE = Automatic;
				COMBINE_HIDPI_IMAGES = YES;
				CURRENT_PROJECT_VERSION = 1;
				DEVELOPMENT_TEAM = LSFZYL9UCZ;
				ENABLE_HARDENED_RUNTIME = YES;
				ENABLE_PREVIEWS = YES;
				GENERATE_INFOPLIST_FILE = YES;
				INFOPLIST_KEY_NSHumanReadableCopyright = "";
				LD_RUNPATH_SEARCH_PATHS = (
					"$(inherited)",
					"@executable_path/../Frameworks",
				);
				MACOSX_DEPLOYMENT_TARGET = 11.0;
				MARKETING_VERSION = 1.0;
				PRODUCT_BUNDLE_IDENTIFIER = trying.MultiplatformApp;
				PRODUCT_NAME = MultiplatformApp;
				SDKROOT = macosx;
				SWIFT_EMIT_LOC_STRINGS = YES;
				SWIFT_VERSION = 5.0;
			};
			name = Release;
		};
		89A31CD82764DAC800A6A1EC /* Debug */ = {
			isa = XCBuildConfiguration;
			buildSettings = {
				ASSETCATALOG_COMPILER_COMPLICATION_NAME = Complication;
				CODE_SIGN_STYLE = Automatic;
				CURRENT_PROJECT_VERSION = 1;
				DEVELOPMENT_ASSET_PATHS = "\"WatchApp WatchKit Extension/Preview Content\"";
				DEVELOPMENT_TEAM = LSFZYL9UCZ;
				ENABLE_PREVIEWS = YES;
				GENERATE_INFOPLIST_FILE = YES;
				INFOPLIST_FILE = "WatchApp WatchKit Extension/Info.plist";
				INFOPLIST_KEY_CFBundleDisplayName = "WatchApp WatchKit Extension";
				INFOPLIST_KEY_CLKComplicationPrincipalClass = "$(PRODUCT_MODULE_NAME).ComplicationController";
				INFOPLIST_KEY_NSHumanReadableCopyright = "";
				INFOPLIST_KEY_WKWatchOnly = YES;
				LD_RUNPATH_SEARCH_PATHS = (
					"$(inherited)",
					"@executable_path/Frameworks",
					"@executable_path/../../Frameworks",
				);
				MARKETING_VERSION = 1.0;
				PRODUCT_BUNDLE_IDENTIFIER = trying.WatchApp.watchkitapp.watchkitextension;
				PRODUCT_NAME = "${TARGET_NAME}";
				SDKROOT = watchos;
				SKIP_INSTALL = YES;
				SWIFT_EMIT_LOC_STRINGS = YES;
				SWIFT_VERSION = 5.0;
				TARGETED_DEVICE_FAMILY = 4;
				WATCHOS_DEPLOYMENT_TARGET = 8.0;
			};
			name = Debug;
		};
		89A31CD92764DAC800A6A1EC /* Release */ = {
			isa = XCBuildConfiguration;
			buildSettings = {
				ASSETCATALOG_COMPILER_COMPLICATION_NAME = Complication;
				CODE_SIGN_STYLE = Automatic;
				CURRENT_PROJECT_VERSION = 1;
				DEVELOPMENT_ASSET_PATHS = "\"WatchApp WatchKit Extension/Preview Content\"";
				DEVELOPMENT_TEAM = LSFZYL9UCZ;
				ENABLE_PREVIEWS = YES;
				GENERATE_INFOPLIST_FILE = YES;
				INFOPLIST_FILE = "WatchApp WatchKit Extension/Info.plist";
				INFOPLIST_KEY_CFBundleDisplayName = "WatchApp WatchKit Extension";
				INFOPLIST_KEY_CLKComplicationPrincipalClass = "$(PRODUCT_MODULE_NAME).ComplicationController";
				INFOPLIST_KEY_NSHumanReadableCopyright = "";
				INFOPLIST_KEY_WKWatchOnly = YES;
				LD_RUNPATH_SEARCH_PATHS = (
					"$(inherited)",
					"@executable_path/Frameworks",
					"@executable_path/../../Frameworks",
				);
				MARKETING_VERSION = 1.0;
				PRODUCT_BUNDLE_IDENTIFIER = trying.WatchApp.watchkitapp.watchkitextension;
				PRODUCT_NAME = "${TARGET_NAME}";
				SDKROOT = watchos;
				SKIP_INSTALL = YES;
				SWIFT_EMIT_LOC_STRINGS = YES;
				SWIFT_VERSION = 5.0;
				TARGETED_DEVICE_FAMILY = 4;
				VALIDATE_PRODUCT = YES;
				WATCHOS_DEPLOYMENT_TARGET = 8.0;
			};
			name = Release;
		};
		89A31CDC2764DAC800A6A1EC /* Debug */ = {
			isa = XCBuildConfiguration;
			buildSettings = {
				ALWAYS_EMBED_SWIFT_STANDARD_LIBRARIES = YES;
				ASSETCATALOG_COMPILER_APPICON_NAME = AppIcon;
				ASSETCATALOG_COMPILER_GLOBAL_ACCENT_COLOR_NAME = AccentColor;
				CODE_SIGN_STYLE = Automatic;
				CURRENT_PROJECT_VERSION = 1;
				DEVELOPMENT_TEAM = LSFZYL9UCZ;
				GENERATE_INFOPLIST_FILE = YES;
				IBSC_MODULE = WatchApp_WatchKit_Extension;
				INFOPLIST_KEY_CFBundleDisplayName = "WatchApp WatchKit App";
				INFOPLIST_KEY_UISupportedInterfaceOrientations = "UIInterfaceOrientationPortrait UIInterfaceOrientationPortraitUpsideDown";
				MARKETING_VERSION = 1.0;
				PRODUCT_BUNDLE_IDENTIFIER = trying.WatchApp.watchkitapp;
				PRODUCT_NAME = "$(TARGET_NAME)";
				SDKROOT = watchos;
				SKIP_INSTALL = YES;
				SWIFT_EMIT_LOC_STRINGS = YES;
				SWIFT_VERSION = 5.0;
				TARGETED_DEVICE_FAMILY = 4;
				WATCHOS_DEPLOYMENT_TARGET = 6.0;
			};
			name = Debug;
		};
		89A31CDD2764DAC800A6A1EC /* Release */ = {
			isa = XCBuildConfiguration;
			buildSettings = {
				ALWAYS_EMBED_SWIFT_STANDARD_LIBRARIES = YES;
				ASSETCATALOG_COMPILER_APPICON_NAME = AppIcon;
				ASSETCATALOG_COMPILER_GLOBAL_ACCENT_COLOR_NAME = AccentColor;
				CODE_SIGN_STYLE = Automatic;
				CURRENT_PROJECT_VERSION = 1;
				DEVELOPMENT_TEAM = LSFZYL9UCZ;
				GENERATE_INFOPLIST_FILE = YES;
				IBSC_MODULE = WatchApp_WatchKit_Extension;
				INFOPLIST_KEY_CFBundleDisplayName = "WatchApp WatchKit App";
				INFOPLIST_KEY_UISupportedInterfaceOrientations = "UIInterfaceOrientationPortrait UIInterfaceOrientationPortraitUpsideDown";
				MARKETING_VERSION = 1.0;
				PRODUCT_BUNDLE_IDENTIFIER = trying.WatchApp.watchkitapp;
				PRODUCT_NAME = "$(TARGET_NAME)";
				SDKROOT = watchos;
				SKIP_INSTALL = YES;
				SWIFT_EMIT_LOC_STRINGS = YES;
				SWIFT_VERSION = 5.0;
				TARGETED_DEVICE_FAMILY = 4;
				VALIDATE_PRODUCT = YES;
				WATCHOS_DEPLOYMENT_TARGET = 6.0;
			};
			name = Release;
		};
		89A31CE02764DAC800A6A1EC /* Debug */ = {
			isa = XCBuildConfiguration;
			buildSettings = {
				CODE_SIGN_STYLE = Automatic;
				CURRENT_PROJECT_VERSION = 1;
				DEVELOPMENT_TEAM = LSFZYL9UCZ;
				MARKETING_VERSION = 1.0;
				PRODUCT_BUNDLE_IDENTIFIER = trying.WatchApp;
				PRODUCT_NAME = "$(TARGET_NAME)";
				SDKROOT = iphoneos;
				SWIFT_VERSION = 5.0;
			};
			name = Debug;
		};
		89A31CE12764DAC800A6A1EC /* Release */ = {
			isa = XCBuildConfiguration;
			buildSettings = {
				CODE_SIGN_STYLE = Automatic;
				CURRENT_PROJECT_VERSION = 1;
				DEVELOPMENT_TEAM = LSFZYL9UCZ;
				MARKETING_VERSION = 1.0;
				PRODUCT_BUNDLE_IDENTIFIER = trying.WatchApp;
				PRODUCT_NAME = "$(TARGET_NAME)";
				SDKROOT = iphoneos;
				SWIFT_VERSION = 5.0;
				VALIDATE_PRODUCT = YES;
			};
			name = Release;
		};
		89A31CF1276737A700A6A1EC /* Debug */ = {
			isa = XCBuildConfiguration;
			buildSettings = {
				ASSETCATALOG_COMPILER_APPICON_NAME = "App Icon & Top Shelf Image";
				ASSETCATALOG_COMPILER_GLOBAL_ACCENT_COLOR_NAME = AccentColor;
				CODE_SIGN_STYLE = Automatic;
				CURRENT_PROJECT_VERSION = 1;
				DEVELOPMENT_ASSET_PATHS = "\"tvAPP/Preview Content\"";
				DEVELOPMENT_TEAM = LSFZYL9UCZ;
				ENABLE_PREVIEWS = YES;
				GENERATE_INFOPLIST_FILE = YES;
				INFOPLIST_FILE = tvAPP/Info.plist;
				INFOPLIST_KEY_UILaunchScreen_Generation = YES;
				INFOPLIST_KEY_UIUserInterfaceStyle = Automatic;
				LD_RUNPATH_SEARCH_PATHS = (
					"$(inherited)",
					"@executable_path/Frameworks",
				);
				MARKETING_VERSION = 1.0;
				PRODUCT_BUNDLE_IDENTIFIER = trying.tvAPP;
				PRODUCT_NAME = "$(TARGET_NAME)";
				SDKROOT = appletvos;
				SWIFT_EMIT_LOC_STRINGS = YES;
				SWIFT_VERSION = 5.0;
				TARGETED_DEVICE_FAMILY = 3;
				TVOS_DEPLOYMENT_TARGET = 15.0;
			};
			name = Debug;
		};
		89A31CF2276737A700A6A1EC /* Release */ = {
			isa = XCBuildConfiguration;
			buildSettings = {
				ASSETCATALOG_COMPILER_APPICON_NAME = "App Icon & Top Shelf Image";
				ASSETCATALOG_COMPILER_GLOBAL_ACCENT_COLOR_NAME = AccentColor;
				CODE_SIGN_STYLE = Automatic;
				CURRENT_PROJECT_VERSION = 1;
				DEVELOPMENT_ASSET_PATHS = "\"tvAPP/Preview Content\"";
				DEVELOPMENT_TEAM = LSFZYL9UCZ;
				ENABLE_PREVIEWS = YES;
				GENERATE_INFOPLIST_FILE = YES;
				INFOPLIST_FILE = tvAPP/Info.plist;
				INFOPLIST_KEY_UILaunchScreen_Generation = YES;
				INFOPLIST_KEY_UIUserInterfaceStyle = Automatic;
				LD_RUNPATH_SEARCH_PATHS = (
					"$(inherited)",
					"@executable_path/Frameworks",
				);
				MARKETING_VERSION = 1.0;
				PRODUCT_BUNDLE_IDENTIFIER = trying.tvAPP;
				PRODUCT_NAME = "$(TARGET_NAME)";
				SDKROOT = appletvos;
				SWIFT_EMIT_LOC_STRINGS = YES;
				SWIFT_VERSION = 5.0;
				TARGETED_DEVICE_FAMILY = 3;
				TVOS_DEPLOYMENT_TARGET = 15.0;
				VALIDATE_PRODUCT = YES;
			};
			name = Release;
		};
/* End XCBuildConfiguration section */

/* Begin XCConfigurationList section */
		89A31C912764DA6400A6A1EC /* Build configuration list for PBXProject "MultiplatformApp" */ = {
			isa = XCConfigurationList;
			buildConfigurations = (
				89A31CA92764DA6A00A6A1EC /* Debug */,
				89A31CAA2764DA6A00A6A1EC /* Release */,
			);
			defaultConfigurationIsVisible = 0;
			defaultConfigurationName = Release;
		};
		89A31CAB2764DA6A00A6A1EC /* Build configuration list for PBXNativeTarget "MultiplatformApp (iOS)" */ = {
			isa = XCConfigurationList;
			buildConfigurations = (
				89A31CAC2764DA6A00A6A1EC /* Debug */,
				89A31CAD2764DA6A00A6A1EC /* Release */,
			);
			defaultConfigurationIsVisible = 0;
			defaultConfigurationName = Release;
		};
		89A31CAE2764DA6A00A6A1EC /* Build configuration list for PBXNativeTarget "MultiplatformApp (macOS)" */ = {
			isa = XCConfigurationList;
			buildConfigurations = (
				89A31CAF2764DA6A00A6A1EC /* Debug */,
				89A31CB02764DA6A00A6A1EC /* Release */,
			);
			defaultConfigurationIsVisible = 0;
			defaultConfigurationName = Release;
		};
		89A31CD72764DAC800A6A1EC /* Build configuration list for PBXNativeTarget "WatchApp WatchKit Extension" */ = {
			isa = XCConfigurationList;
			buildConfigurations = (
				89A31CD82764DAC800A6A1EC /* Debug */,
				89A31CD92764DAC800A6A1EC /* Release */,
			);
			defaultConfigurationIsVisible = 0;
			defaultConfigurationName = Release;
		};
		89A31CDB2764DAC800A6A1EC /* Build configuration list for PBXNativeTarget "WatchApp WatchKit App" */ = {
			isa = XCConfigurationList;
			buildConfigurations = (
				89A31CDC2764DAC800A6A1EC /* Debug */,
				89A31CDD2764DAC800A6A1EC /* Release */,
			);
			defaultConfigurationIsVisible = 0;
			defaultConfigurationName = Release;
		};
		89A31CDF2764DAC800A6A1EC /* Build configuration list for PBXNativeTarget "WatchApp" */ = {
			isa = XCConfigurationList;
			buildConfigurations = (
				89A31CE02764DAC800A6A1EC /* Debug */,
				89A31CE12764DAC800A6A1EC /* Release */,
			);
			defaultConfigurationIsVisible = 0;
			defaultConfigurationName = Release;
		};
		89A31CF3276737A700A6A1EC /* Build configuration list for PBXNativeTarget "tvAPP" */ = {
			isa = XCConfigurationList;
			buildConfigurations = (
				89A31CF1276737A700A6A1EC /* Debug */,
				89A31CF2276737A700A6A1EC /* Release */,
			);
			defaultConfigurationIsVisible = 0;
			defaultConfigurationName = Release;
		};
/* End XCConfigurationList section */

/* Begin XCRemoteSwiftPackageReference section */
		89A31DF62767452600A6A1EC /* XCRemoteSwiftPackageReference "SDWebImageSwiftUI" */ = {
			isa = XCRemoteSwiftPackageReference;
			repositoryURL = "https://github.com/SDWebImage/SDWebImageSwiftUI";
			requirement = {
				branch = master;
				kind = branch;
			};
		};
/* End XCRemoteSwiftPackageReference section */

/* Begin XCSwiftPackageProductDependency section */
		8912D8882771F114008848D8 /* SDWebImageSwiftUI */ = {
			isa = XCSwiftPackageProductDependency;
			package = 89A31DF62767452600A6A1EC /* XCRemoteSwiftPackageReference "SDWebImageSwiftUI" */;
			productName = SDWebImageSwiftUI;
		};
		8912D88A2771F124008848D8 /* SDWebImageSwiftUI */ = {
			isa = XCSwiftPackageProductDependency;
			package = 89A31DF62767452600A6A1EC /* XCRemoteSwiftPackageReference "SDWebImageSwiftUI" */;
			productName = SDWebImageSwiftUI;
		};
		8912D88C2771F129008848D8 /* SDWebImageSwiftUI */ = {
			isa = XCSwiftPackageProductDependency;
			package = 89A31DF62767452600A6A1EC /* XCRemoteSwiftPackageReference "SDWebImageSwiftUI" */;
			productName = SDWebImageSwiftUI;
		};
		89A31DC5276739A800A6A1EC /* Networking */ = {
			isa = XCSwiftPackageProductDependency;
			productName = Networking;
		};
		89A31DC7276739C500A6A1EC /* Networking */ = {
			isa = XCSwiftPackageProductDependency;
			productName = Networking;
		};
		89A31DC9276739F000A6A1EC /* Networking */ = {
			isa = XCSwiftPackageProductDependency;
			productName = Networking;
		};
		89A31DCB276739F600A6A1EC /* Networking */ = {
			isa = XCSwiftPackageProductDependency;
			productName = Networking;
		};
		89A31DED276744D600A6A1EC /* AppUI */ = {
			isa = XCSwiftPackageProductDependency;
			productName = AppUI;
		};
		89A31DEF276744DD00A6A1EC /* AppUI */ = {
			isa = XCSwiftPackageProductDependency;
			productName = AppUI;
		};
		89A31DF1276744E200A6A1EC /* AppUI */ = {
			isa = XCSwiftPackageProductDependency;
			productName = AppUI;
		};
		89A31DF3276744EB00A6A1EC /* AppUI */ = {
			isa = XCSwiftPackageProductDependency;
			productName = AppUI;
		};
		89A31DF72767452600A6A1EC /* SDWebImageSwiftUI */ = {
			isa = XCSwiftPackageProductDependency;
			package = 89A31DF62767452600A6A1EC /* XCRemoteSwiftPackageReference "SDWebImageSwiftUI" */;
			productName = SDWebImageSwiftUI;
		};
/* End XCSwiftPackageProductDependency section */
	};
	rootObject = 89A31C8E2764DA6400A6A1EC /* Project object */;
}
